
Microsoft Visual Studio Solution File, Format Version 12.00
# Visual Studio Version 16
VisualStudioVersion = 16.0.29519.87
MinimumVisualStudioVersion = 10.0.40219.1
Project("{9A19103F-16F7-4668-BE54-9A1E7A4F7556}") = "BeatKeeper", "BeatKeeper\BeatKeeper.csproj", "{517B47A6-AD74-4842-B5D2-E27DB2A0C3CD}"
EndProject
Project("{9A19103F-16F7-4668-BE54-9A1E7A4F7556}") = "BeatKeeper.Tests", "BeatKeeper.Tests\BeatKeeper.Tests.csproj", "{7DE4D3B3-A288-43CF-BB0B-44239A1988B9}"
EndProject
Project("{FAE04EC0-301F-11D3-BF4B-00C04F79EFBC}") = "BeatKeeper.Windows", "BeatKeeper.Windows\BeatKeeper.Windows.csproj", "{26AAF922-08AD-490C-AB9F-480FEB467408}"
EndProject
Project("{FAE04EC0-301F-11D3-BF4B-00C04F79EFBC}") = "BeatKeeper.Kernel", "BeatKeeper.Kernel\BeatKeeper.Kernel.csproj", "{F0DFFBF7-2B2D-46E1-AE44-F49C28982867}"
EndProject
Global
	GlobalSection(SolutionConfigurationPlatforms) = preSolution
		Debug|Any CPU = Debug|Any CPU
		Release|Any CPU = Release|Any CPU
	EndGlobalSection
	GlobalSection(ProjectConfigurationPlatforms) = postSolution
		{517B47A6-AD74-4842-B5D2-E27DB2A0C3CD}.Debug|Any CPU.ActiveCfg = Debug|Any CPU
		{517B47A6-AD74-4842-B5D2-E27DB2A0C3CD}.Debug|Any CPU.Build.0 = Debug|Any CPU
		{517B47A6-AD74-4842-B5D2-E27DB2A0C3CD}.Release|Any CPU.ActiveCfg = Release|Any CPU
		{517B47A6-AD74-4842-B5D2-E27DB2A0C3CD}.Release|Any CPU.Build.0 = Release|Any CPU
		{7DE4D3B3-A288-43CF-BB0B-44239A1988B9}.Debug|Any CPU.ActiveCfg = Debug|Any CPU
		{7DE4D3B3-A288-43CF-BB0B-44239A1988B9}.Debug|Any CPU.Build.0 = Debug|Any CPU
		{7DE4D3B3-A288-43CF-BB0B-44239A1988B9}.Release|Any CPU.ActiveCfg = Release|Any CPU
		{7DE4D3B3-A288-43CF-BB0B-44239A1988B9}.Release|Any CPU.Build.0 = Release|Any CPU
		{26AAF922-08AD-490C-AB9F-480FEB467408}.Debug|Any CPU.ActiveCfg = Debug|Any CPU
		{26AAF922-08AD-490C-AB9F-480FEB467408}.Debug|Any CPU.Build.0 = Debug|Any CPU
		{26AAF922-08AD-490C-AB9F-480FEB467408}.Release|Any CPU.ActiveCfg = Release|Any CPU
		{26AAF922-08AD-490C-AB9F-480FEB467408}.Release|Any CPU.Build.0 = Release|Any CPU
		{F0DFFBF7-2B2D-46E1-AE44-F49C28982867}.Debug|Any CPU.ActiveCfg = Debug|Any CPU
		{F0DFFBF7-2B2D-46E1-AE44-F49C28982867}.Debug|Any CPU.Build.0 = Debug|Any CPU
		{F0DFFBF7-2B2D-46E1-AE44-F49C28982867}.Release|Any CPU.ActiveCfg = Release|Any CPU
		{F0DFFBF7-2B2D-46E1-AE44-F49C28982867}.Release|Any CPU.Build.0 = Release|Any CPU
	EndGlobalSection
	GlobalSection(SolutionProperties) = preSolution
		HideSolutionNode = FALSE
	EndGlobalSection
	GlobalSection(ExtensibilityGlobals) = postSolution
		SolutionGuid = {F40F809E-C22A-4E40-BA91-94E01D13DC2B}
	EndGlobalSection
EndGlobal
