
Microsoft Visual Studio Solution File, Format Version 12.00
Project("{FAE04EC0-301F-11D3-BF4B-00C04F79EFBC}") = "BeatKeeper.App.Core", "BeatKeeper.App.Core\BeatKeeper.App.Core.csproj", "{C40BA396-FC21-49F4-9E50-3AA8AE400A6A}"
EndProject
Project("{FAE04EC0-301F-11D3-BF4B-00C04F79EFBC}") = "BeatKeeper.Kernel", "BeatKeeper.Kernel\BeatKeeper.Kernel.csproj", "{52EA5C55-2B4B-40C2-B056-DCDC9C0FF7C3}"
EndProject
Project("{FAE04EC0-301F-11D3-BF4B-00C04F79EFBC}") = "BeatKeeper.App", "BeatKeeper.App\BeatKeeper.App.csproj", "{4F88DA5F-9D09-4094-821D-4FFE78507043}"
EndProject
Project("{2150E333-8FDC-42A3-9474-1A3956D46DE8}") = "_Configs", "_Configs", "{FD5C4FDD-6437-4815-8792-C5269B90D03B}"
ProjectSection(SolutionItems) = preProject
	Makefile = Makefile
	nuget.config = nuget.config
	version.json = version.json
EndProjectSection
EndProject
Project("{2150E333-8FDC-42A3-9474-1A3956D46DE8}") = "_Meta", "_Meta", "{AFABCD7D-5DA7-4D80-ABD4-C43AF95A60B6}"
ProjectSection(SolutionItems) = preProject
	README.md = README.md
EndProjectSection
EndProject
Global
	GlobalSection(SolutionConfigurationPlatforms) = preSolution
		Debug|Any CPU = Debug|Any CPU
		Release|Any CPU = Release|Any CPU
	EndGlobalSection
	GlobalSection(ProjectConfigurationPlatforms) = postSolution
		{C40BA396-FC21-49F4-9E50-3AA8AE400A6A}.Debug|Any CPU.ActiveCfg = Debug|Any CPU
		{C40BA396-FC21-49F4-9E50-3AA8AE400A6A}.Debug|Any CPU.Build.0 = Debug|Any CPU
		{C40BA396-FC21-49F4-9E50-3AA8AE400A6A}.Release|Any CPU.ActiveCfg = Release|Any CPU
		{C40BA396-FC21-49F4-9E50-3AA8AE400A6A}.Release|Any CPU.Build.0 = Release|Any CPU
		{52EA5C55-2B4B-40C2-B056-DCDC9C0FF7C3}.Debug|Any CPU.ActiveCfg = Debug|Any CPU
		{52EA5C55-2B4B-40C2-B056-DCDC9C0FF7C3}.Debug|Any CPU.Build.0 = Debug|Any CPU
		{52EA5C55-2B4B-40C2-B056-DCDC9C0FF7C3}.Release|Any CPU.ActiveCfg = Release|Any CPU
		{52EA5C55-2B4B-40C2-B056-DCDC9C0FF7C3}.Release|Any CPU.Build.0 = Release|Any CPU
		{4F88DA5F-9D09-4094-821D-4FFE78507043}.Debug|Any CPU.ActiveCfg = Debug|Any CPU
		{4F88DA5F-9D09-4094-821D-4FFE78507043}.Debug|Any CPU.Build.0 = Debug|Any CPU
		{4F88DA5F-9D09-4094-821D-4FFE78507043}.Release|Any CPU.ActiveCfg = Release|Any CPU
		{4F88DA5F-9D09-4094-821D-4FFE78507043}.Release|Any CPU.Build.0 = Release|Any CPU
	EndGlobalSection
EndGlobal
