
Microsoft Visual Studio Solution File, Format Version 12.00
# Visual Studio Version 16
VisualStudioVersion = 16.0.29519.87
MinimumVisualStudioVersion = 10.0.40219.1
Project("{9A19103F-16F7-4668-BE54-9A1E7A4F7556}") = "BeatKeeper.Tests", "BeatKeeper.Tests\BeatKeeper.Tests.csproj", "{7DE4D3B3-A288-43CF-BB0B-44239A1988B9}"
EndProject
Project("{FAE04EC0-301F-11D3-BF4B-00C04F79EFBC}") = "BeatKeeper.Windows", "BeatKeeper.Windows\BeatKeeper.Windows.csproj", "{26AAF922-08AD-490C-AB9F-480FEB467408}"
EndProject
Project("{9A19103F-16F7-4668-BE54-9A1E7A4F7556}") = "BeatKeeper.Kernel", "BeatKeeper.Kernel\BeatKeeper.Kernel.csproj", "{F0DFFBF7-2B2D-46E1-AE44-F49C28982867}"
EndProject
Project("{FAE04EC0-301F-11D3-BF4B-00C04F79EFBC}") = "BeatKeeper.Controls", "BeatKeeper.Controls\BeatKeeper.Controls.csproj", "{BBEB88FC-CBFE-4CE5-9849-EEFD2762BFFB}"
EndProject
Project("{FAE04EC0-301F-11D3-BF4B-00C04F79EFBC}") = "BeatKeeper.App", "BeatKeeper.App\BeatKeeper.App.csproj", "{409F7B30-CF6C-4239-BDDC-F291FD0A6D85}"
EndProject
Project("{FAE04EC0-301F-11D3-BF4B-00C04F79EFBC}") = "BeatKeeper.App.Core", "BeatKeeper.App.Core\BeatKeeper.App.Core.csproj", "{8281BC2B-BDFF-435F-8CEF-F2441D4AD9C7}"
EndProject
Project("{2150E333-8FDC-42A3-9474-1A3956D46DE8}") = "_Configs", "_Configs", "{B418DB2B-FEF9-41D7-BDF1-E682FCE242A3}"
ProjectSection(SolutionItems) = preProject
	nuget.config = nuget.config
EndProjectSection
EndProject
Global
	GlobalSection(SolutionConfigurationPlatforms) = preSolution
		Debug|Any CPU = Debug|Any CPU
		Release|Any CPU = Release|Any CPU
	EndGlobalSection
	GlobalSection(ProjectConfigurationPlatforms) = postSolution
		{7DE4D3B3-A288-43CF-BB0B-44239A1988B9}.Debug|Any CPU.ActiveCfg = Debug|Any CPU
		{7DE4D3B3-A288-43CF-BB0B-44239A1988B9}.Debug|Any CPU.Build.0 = Debug|Any CPU
		{7DE4D3B3-A288-43CF-BB0B-44239A1988B9}.Release|Any CPU.ActiveCfg = Release|Any CPU
		{7DE4D3B3-A288-43CF-BB0B-44239A1988B9}.Release|Any CPU.Build.0 = Release|Any CPU
		{26AAF922-08AD-490C-AB9F-480FEB467408}.Debug|Any CPU.ActiveCfg = Debug|Any CPU
		{26AAF922-08AD-490C-AB9F-480FEB467408}.Debug|Any CPU.Build.0 = Debug|Any CPU
		{26AAF922-08AD-490C-AB9F-480FEB467408}.Release|Any CPU.ActiveCfg = Release|Any CPU
		{26AAF922-08AD-490C-AB9F-480FEB467408}.Release|Any CPU.Build.0 = Release|Any CPU
		{F0DFFBF7-2B2D-46E1-AE44-F49C28982867}.Debug|Any CPU.ActiveCfg = Debug|Any CPU
		{F0DFFBF7-2B2D-46E1-AE44-F49C28982867}.Debug|Any CPU.Build.0 = Debug|Any CPU
		{F0DFFBF7-2B2D-46E1-AE44-F49C28982867}.Release|Any CPU.ActiveCfg = Release|Any CPU
		{F0DFFBF7-2B2D-46E1-AE44-F49C28982867}.Release|Any CPU.Build.0 = Release|Any CPU
		{BBEB88FC-CBFE-4CE5-9849-EEFD2762BFFB}.Debug|Any CPU.ActiveCfg = Debug|Any CPU
		{BBEB88FC-CBFE-4CE5-9849-EEFD2762BFFB}.Debug|Any CPU.Build.0 = Debug|Any CPU
		{BBEB88FC-CBFE-4CE5-9849-EEFD2762BFFB}.Release|Any CPU.ActiveCfg = Release|Any CPU
		{BBEB88FC-CBFE-4CE5-9849-EEFD2762BFFB}.Release|Any CPU.Build.0 = Release|Any CPU
		{409F7B30-CF6C-4239-BDDC-F291FD0A6D85}.Debug|Any CPU.ActiveCfg = Debug|Any CPU
		{409F7B30-CF6C-4239-BDDC-F291FD0A6D85}.Debug|Any CPU.Build.0 = Debug|Any CPU
		{409F7B30-CF6C-4239-BDDC-F291FD0A6D85}.Release|Any CPU.ActiveCfg = Release|Any CPU
		{409F7B30-CF6C-4239-BDDC-F291FD0A6D85}.Release|Any CPU.Build.0 = Release|Any CPU
		{8281BC2B-BDFF-435F-8CEF-F2441D4AD9C7}.Debug|Any CPU.ActiveCfg = Debug|Any CPU
		{8281BC2B-BDFF-435F-8CEF-F2441D4AD9C7}.Debug|Any CPU.Build.0 = Debug|Any CPU
		{8281BC2B-BDFF-435F-8CEF-F2441D4AD9C7}.Release|Any CPU.ActiveCfg = Release|Any CPU
		{8281BC2B-BDFF-435F-8CEF-F2441D4AD9C7}.Release|Any CPU.Build.0 = Release|Any CPU
	EndGlobalSection
	GlobalSection(SolutionProperties) = preSolution
		HideSolutionNode = FALSE
	EndGlobalSection
	GlobalSection(ExtensibilityGlobals) = postSolution
		SolutionGuid = {F40F809E-C22A-4E40-BA91-94E01D13DC2B}
	EndGlobalSection
EndGlobal
